{
  "name": "@0spoon/projd",
  "version": "0.1.3",
  "lockfileVersion": 3,
  "requires": true,
  "packages": {
    "": {
      "name": "@0spoon/projd",
      "version": "0.1.3",
      "license": "MIT",
      "bin": {
        "projd": "bin/projd.js"
      },
      "engines": {
        "node": ">=18"
      }
    }
  }
}
